// !$*UTF8*$!
{
	archiveVersion = 1;
	classes = {
	};
	objectVersion = 56;
	objects = {

/* Begin PBXBuildFile section */
		8A59A8DA2E0358D400A90F0A /* BossesView.swift in Sources */ = {isa = PBXBuildFile; fileRef = 8A59A8D92E0358D400A90F0A /* BossesView.swift */; };
		8A59A8DD2E035EB000A90F0A /* LadyIndica+CoreDataClass.swift in Sources */ = {isa = PBXBuildFile; fileRef = 8A59A8DB2E035EB000A90F0A /* LadyIndica+CoreDataClass.swift */; };
		8A59A8DE2E035EB000A90F0A /* LadyIndica+CoreDataProperties.swift in Sources */ = {isa = PBXBuildFile; fileRef = 8A59A8DC2E035EB000A90F0A /* LadyIndica+CoreDataProperties.swift */; };
		8A59A8E12E05E91300A90F0A /* Machia+CoreDataClass.swift in Sources */ = {isa = PBXBuildFile; fileRef = 8A59A8DF2E05E91300A90F0A /* Machia+CoreDataClass.swift */; };
		8A59A8E22E05E91300A90F0A /* Machia+CoreDataProperties.swift in Sources */ = {isa = PBXBuildFile; fileRef = 8A59A8E02E05E91300A90F0A /* Machia+CoreDataProperties.swift */; };
		8AC97BE62DDA94560001EAF4 /* TheSystemApp.swift in Sources */ = {isa = PBXBuildFile; fileRef = 8AC97BE52DDA94560001EAF4 /* TheSystemApp.swift */; };
		8AC97BE82DDA94560001EAF4 /* ContentView.swift in Sources */ = {isa = PBXBuildFile; fileRef = 8AC97BE72DDA94560001EAF4 /* ContentView.swift */; };
		8AC97BEA2DDA94590001EAF4 /* Assets.xcassets in Resources */ = {isa = PBXBuildFile; fileRef = 8AC97BE92DDA94590001EAF4 /* Assets.xcassets */; };
		8AC97BED2DDA94590001EAF4 /* Preview Assets.xcassets in Resources */ = {isa = PBXBuildFile; fileRef = 8AC97BEC2DDA94590001EAF4 /* Preview Assets.xcassets */; };
		8AC97BF72DDA94590001EAF4 /* TheSystemTests.swift in Sources */ = {isa = PBXBuildFile; fileRef = 8AC97BF62DDA94590001EAF4 /* TheSystemTests.swift */; };
		8AC97C012DDA94590001EAF4 /* TheSystemUITests.swift in Sources */ = {isa = PBXBuildFile; fileRef = 8AC97C002DDA94590001EAF4 /* TheSystemUITests.swift */; };
		8AC97C032DDA94590001EAF4 /* TheSystemUITestsLaunchTests.swift in Sources */ = {isa = PBXBuildFile; fileRef = 8AC97C022DDA94590001EAF4 /* TheSystemUITestsLaunchTests.swift */; };
		8AC97C102DDA96480001EAF4 /* XPManager.swift in Sources */ = {isa = PBXBuildFile; fileRef = 8AC97C0F2DDA96480001EAF4 /* XPManager.swift */; };
		8AC97C122DDA96720001EAF4 /* Category.swift in Sources */ = {isa = PBXBuildFile; fileRef = 8AC97C112DDA96720001EAF4 /* Category.swift */; };
		8AC97C142DDA9C6D0001EAF4 /* MainTabView.swift in Sources */ = {isa = PBXBuildFile; fileRef = 8AC97C132DDA9C6D0001EAF4 /* MainTabView.swift */; };
		8AC97C162DDA9C850001EAF4 /* DailyObjective.swift in Sources */ = {isa = PBXBuildFile; fileRef = 8AC97C152DDA9C850001EAF4 /* DailyObjective.swift */; };
		8AC97C182DDA9C980001EAF4 /* QuestLogView.swift in Sources */ = {isa = PBXBuildFile; fileRef = 8AC97C172DDA9C980001EAF4 /* QuestLogView.swift */; };
		8AC97C1A2DDA9CAE0001EAF4 /* RewardManager.swift in Sources */ = {isa = PBXBuildFile; fileRef = 8AC97C192DDA9CAE0001EAF4 /* RewardManager.swift */; };
		8AC97C1E2DDACBBB0001EAF4 /* CategoryDetailView.swift in Sources */ = {isa = PBXBuildFile; fileRef = 8AC97C1D2DDACBBB0001EAF4 /* CategoryDetailView.swift */; };
		8AC97C202DDE12D40001EAF4 /* RewardsView.swift in Sources */ = {isa = PBXBuildFile; fileRef = 8AC97C1F2DDE12D40001EAF4 /* RewardsView.swift */; };
		8AC97C232DDE780D0001EAF4 /* TheSystemModel.xcdatamodeld in Sources */ = {isa = PBXBuildFile; fileRef = 8AC97C212DDE780D0001EAF4 /* TheSystemModel.xcdatamodeld */; };
		8AC97C2E2DDE7B000001EAF4 /* AuraStreak+CoreDataClass.swift in Sources */ = {isa = PBXBuildFile; fileRef = 8AC97C262DDE7B000001EAF4 /* AuraStreak+CoreDataClass.swift */; };
		8AC97C2F2DDE7B000001EAF4 /* AuraStreak+CoreDataProperties.swift in Sources */ = {isa = PBXBuildFile; fileRef = 8AC97C272DDE7B000001EAF4 /* AuraStreak+CoreDataProperties.swift */; };
		8AC97C302DDE7B000001EAF4 /* XPStat+CoreDataClass.swift in Sources */ = {isa = PBXBuildFile; fileRef = 8AC97C282DDE7B000001EAF4 /* XPStat+CoreDataClass.swift */; };
		8AC97C312DDE7B000001EAF4 /* XPStat+CoreDataProperties.swift in Sources */ = {isa = PBXBuildFile; fileRef = 8AC97C292DDE7B000001EAF4 /* XPStat+CoreDataProperties.swift */; };
		8AC97C322DDE7B000001EAF4 /* Velkrax+CoreDataClass.swift in Sources */ = {isa = PBXBuildFile; fileRef = 8AC97C2A2DDE7B000001EAF4 /* Velkrax+CoreDataClass.swift */; };
		8AC97C332DDE7B000001EAF4 /* Velkrax+CoreDataProperties.swift in Sources */ = {isa = PBXBuildFile; fileRef = 8AC97C2B2DDE7B000001EAF4 /* Velkrax+CoreDataProperties.swift */; };
		8AC97C422DDE8D450001EAF4 /* ObjectiveEntity+CoreDataClass.swift in Sources */ = {isa = PBXBuildFile; fileRef = 8AC97C402DDE8D450001EAF4 /* ObjectiveEntity+CoreDataClass.swift */; };
		8AC97C432DDE8D450001EAF4 /* ObjectiveEntity+CoreDataProperties.swift in Sources */ = {isa = PBXBuildFile; fileRef = 8AC97C412DDE8D450001EAF4 /* ObjectiveEntity+CoreDataProperties.swift */; };
		8AC97C452DDE8F030001EAF4 /* PersistenceController.swift in Sources */ = {isa = PBXBuildFile; fileRef = 8AC97C442DDE8F030001EAF4 /* PersistenceController.swift */; };
		8AC97C482DE5FA810001EAF4 /* GlobalStats+CoreDataClass.swift in Sources */ = {isa = PBXBuildFile; fileRef = 8AC97C462DE5FA810001EAF4 /* GlobalStats+CoreDataClass.swift */; };
		8AC97C492DE5FA810001EAF4 /* GlobalStats+CoreDataProperties.swift in Sources */ = {isa = PBXBuildFile; fileRef = 8AC97C472DE5FA810001EAF4 /* GlobalStats+CoreDataProperties.swift */; };
/* End PBXBuildFile section */

/* Begin PBXContainerItemProxy section */
		8AC97BF32DDA94590001EAF4 /* PBXContainerItemProxy */ = {
			isa = PBXContainerItemProxy;
			containerPortal = 8AC97BDA2DDA94560001EAF4 /* Project object */;
			proxyType = 1;
			remoteGlobalIDString = 8AC97BE12DDA94560001EAF4;
			remoteInfo = TheSystem;
		};
		8AC97BFD2DDA94590001EAF4 /* PBXContainerItemProxy */ = {
			isa = PBXContainerItemProxy;
			containerPortal = 8AC97BDA2DDA94560001EAF4 /* Project object */;
			proxyType = 1;
			remoteGlobalIDString = 8AC97BE12DDA94560001EAF4;
			remoteInfo = TheSystem;
		};
/* End PBXContainerItemProxy section */

/* Begin PBXFileReference section */
		8A59A8D92E0358D400A90F0A /* BossesView.swift */ = {isa = PBXFileReference; lastKnownFileType = sourcecode.swift; path = BossesView.swift; sourceTree = "<group>"; };
		8A59A8DB2E035EB000A90F0A /* LadyIndica+CoreDataClass.swift */ = {isa = PBXFileReference; lastKnownFileType = sourcecode.swift; path = "LadyIndica+CoreDataClass.swift"; sourceTree = "<group>"; };
		8A59A8DC2E035EB000A90F0A /* LadyIndica+CoreDataProperties.swift */ = {isa = PBXFileReference; lastKnownFileType = sourcecode.swift; path = "LadyIndica+CoreDataProperties.swift"; sourceTree = "<group>"; };
		8A59A8DF2E05E91300A90F0A /* Machia+CoreDataClass.swift */ = {isa = PBXFileReference; lastKnownFileType = sourcecode.swift; path = "Machia+CoreDataClass.swift"; sourceTree = "<group>"; };
		8A59A8E02E05E91300A90F0A /* Machia+CoreDataProperties.swift */ = {isa = PBXFileReference; lastKnownFileType = sourcecode.swift; path = "Machia+CoreDataProperties.swift"; sourceTree = "<group>"; };
		8AC97BE22DDA94560001EAF4 /* TheSystem.app */ = {isa = PBXFileReference; explicitFileType = wrapper.application; includeInIndex = 0; path = TheSystem.app; sourceTree = BUILT_PRODUCTS_DIR; };
		8AC97BE52DDA94560001EAF4 /* TheSystemApp.swift */ = {isa = PBXFileReference; lastKnownFileType = sourcecode.swift; path = TheSystemApp.swift; sourceTree = "<group>"; };
		8AC97BE72DDA94560001EAF4 /* ContentView.swift */ = {isa = PBXFileReference; lastKnownFileType = sourcecode.swift; path = ContentView.swift; sourceTree = "<group>"; };
		8AC97BE92DDA94590001EAF4 /* Assets.xcassets */ = {isa = PBXFileReference; lastKnownFileType = folder.assetcatalog; path = Assets.xcassets; sourceTree = "<group>"; };
		8AC97BEC2DDA94590001EAF4 /* Preview Assets.xcassets */ = {isa = PBXFileReference; lastKnownFileType = folder.assetcatalog; path = "Preview Assets.xcassets"; sourceTree = "<group>"; };
		8AC97BF22DDA94590001EAF4 /* TheSystemTests.xctest */ = {isa = PBXFileReference; explicitFileType = wrapper.cfbundle; includeInIndex = 0; path = TheSystemTests.xctest; sourceTree = BUILT_PRODUCTS_DIR; };
		8AC97BF62DDA94590001EAF4 /* TheSystemTests.swift */ = {isa = PBXFileReference; lastKnownFileType = sourcecode.swift; path = TheSystemTests.swift; sourceTree = "<group>"; };
		8AC97BFC2DDA94590001EAF4 /* TheSystemUITests.xctest */ = {isa = PBXFileReference; explicitFileType = wrapper.cfbundle; includeInIndex = 0; path = TheSystemUITests.xctest; sourceTree = BUILT_PRODUCTS_DIR; };
		8AC97C002DDA94590001EAF4 /* TheSystemUITests.swift */ = {isa = PBXFileReference; lastKnownFileType = sourcecode.swift; path = TheSystemUITests.swift; sourceTree = "<group>"; };
		8AC97C022DDA94590001EAF4 /* TheSystemUITestsLaunchTests.swift */ = {isa = PBXFileReference; lastKnownFileType = sourcecode.swift; path = TheSystemUITestsLaunchTests.swift; sourceTree = "<group>"; };
		8AC97C0F2DDA96480001EAF4 /* XPManager.swift */ = {isa = PBXFileReference; lastKnownFileType = sourcecode.swift; path = XPManager.swift; sourceTree = "<group>"; };
		8AC97C112DDA96720001EAF4 /* Category.swift */ = {isa = PBXFileReference; lastKnownFileType = sourcecode.swift; path = Category.swift; sourceTree = "<group>"; };
		8AC97C132DDA9C6D0001EAF4 /* MainTabView.swift */ = {isa = PBXFileReference; lastKnownFileType = sourcecode.swift; path = MainTabView.swift; sourceTree = "<group>"; };
		8AC97C152DDA9C850001EAF4 /* DailyObjective.swift */ = {isa = PBXFileReference; lastKnownFileType = sourcecode.swift; path = DailyObjective.swift; sourceTree = "<group>"; };
		8AC97C172DDA9C980001EAF4 /* QuestLogView.swift */ = {isa = PBXFileReference; lastKnownFileType = sourcecode.swift; path = QuestLogView.swift; sourceTree = "<group>"; };
		8AC97C192DDA9CAE0001EAF4 /* RewardManager.swift */ = {isa = PBXFileReference; lastKnownFileType = sourcecode.swift; path = RewardManager.swift; sourceTree = "<group>"; };
		8AC97C1D2DDACBBB0001EAF4 /* CategoryDetailView.swift */ = {isa = PBXFileReference; lastKnownFileType = sourcecode.swift; path = CategoryDetailView.swift; sourceTree = "<group>"; };
		8AC97C1F2DDE12D40001EAF4 /* RewardsView.swift */ = {isa = PBXFileReference; lastKnownFileType = sourcecode.swift; path = RewardsView.swift; sourceTree = "<group>"; };
		8AC97C222DDE780D0001EAF4 /* TheSystemModel.xcdatamodel */ = {isa = PBXFileReference; lastKnownFileType = wrapper.xcdatamodel; path = TheSystemModel.xcdatamodel; sourceTree = "<group>"; };
		8AC97C262DDE7B000001EAF4 /* AuraStreak+CoreDataClass.swift */ = {isa = PBXFileReference; lastKnownFileType = sourcecode.swift; path = "AuraStreak+CoreDataClass.swift"; sourceTree = "<group>"; };
		8AC97C272DDE7B000001EAF4 /* AuraStreak+CoreDataProperties.swift */ = {isa = PBXFileReference; lastKnownFileType = sourcecode.swift; path = "AuraStreak+CoreDataProperties.swift"; sourceTree = "<group>"; };
		8AC97C282DDE7B000001EAF4 /* XPStat+CoreDataClass.swift */ = {isa = PBXFileReference; lastKnownFileType = sourcecode.swift; path = "XPStat+CoreDataClass.swift"; sourceTree = "<group>"; };
		8AC97C292DDE7B000001EAF4 /* XPStat+CoreDataProperties.swift */ = {isa = PBXFileReference; lastKnownFileType = sourcecode.swift; path = "XPStat+CoreDataProperties.swift"; sourceTree = "<group>"; };
		8AC97C2A2DDE7B000001EAF4 /* Velkrax+CoreDataClass.swift */ = {isa = PBXFileReference; lastKnownFileType = sourcecode.swift; path = "Velkrax+CoreDataClass.swift"; sourceTree = "<group>"; };
		8AC97C2B2DDE7B000001EAF4 /* Velkrax+CoreDataProperties.swift */ = {isa = PBXFileReference; lastKnownFileType = sourcecode.swift; path = "Velkrax+CoreDataProperties.swift"; sourceTree = "<group>"; };
		8AC97C402DDE8D450001EAF4 /* ObjectiveEntity+CoreDataClass.swift */ = {isa = PBXFileReference; lastKnownFileType = sourcecode.swift; path = "ObjectiveEntity+CoreDataClass.swift"; sourceTree = "<group>"; };
		8AC97C412DDE8D450001EAF4 /* ObjectiveEntity+CoreDataProperties.swift */ = {isa = PBXFileReference; lastKnownFileType = sourcecode.swift; path = "ObjectiveEntity+CoreDataProperties.swift"; sourceTree = "<group>"; };
		8AC97C442DDE8F030001EAF4 /* PersistenceController.swift */ = {isa = PBXFileReference; lastKnownFileType = sourcecode.swift; path = PersistenceController.swift; sourceTree = "<group>"; };
		8AC97C462DE5FA810001EAF4 /* GlobalStats+CoreDataClass.swift */ = {isa = PBXFileReference; lastKnownFileType = sourcecode.swift; path = "GlobalStats+CoreDataClass.swift"; sourceTree = "<group>"; };
		8AC97C472DE5FA810001EAF4 /* GlobalStats+CoreDataProperties.swift */ = {isa = PBXFileReference; lastKnownFileType = sourcecode.swift; path = "GlobalStats+CoreDataProperties.swift"; sourceTree = "<group>"; };
/* End PBXFileReference section */

/* Begin PBXFrameworksBuildPhase section */
		8AC97BDF2DDA94560001EAF4 /* Frameworks */ = {
			isa = PBXFrameworksBuildPhase;
			buildActionMask = 2147483647;
			files = (
			);
			runOnlyForDeploymentPostprocessing = 0;
		};
		8AC97BEF2DDA94590001EAF4 /* Frameworks */ = {
			isa = PBXFrameworksBuildPhase;
			buildActionMask = 2147483647;
			files = (
			);
			runOnlyForDeploymentPostprocessing = 0;
		};
		8AC97BF92DDA94590001EAF4 /* Frameworks */ = {
			isa = PBXFrameworksBuildPhase;
			buildActionMask = 2147483647;
			files = (
			);
			runOnlyForDeploymentPostprocessing = 0;
		};
/* End PBXFrameworksBuildPhase section */

/* Begin PBXGroup section */
		8AC97BD92DDA94560001EAF4 = {
			isa = PBXGroup;
			children = (
				8AC97BE42DDA94560001EAF4 /* TheSystem */,
				8AC97BF52DDA94590001EAF4 /* TheSystemTests */,
				8AC97BFF2DDA94590001EAF4 /* TheSystemUITests */,
				8AC97BE32DDA94560001EAF4 /* Products */,
			);
			sourceTree = "<group>";
		};
		8AC97BE32DDA94560001EAF4 /* Products */ = {
			isa = PBXGroup;
			children = (
				8AC97BE22DDA94560001EAF4 /* TheSystem.app */,
				8AC97BF22DDA94590001EAF4 /* TheSystemTests.xctest */,
				8AC97BFC2DDA94590001EAF4 /* TheSystemUITests.xctest */,
			);
			name = Products;
			sourceTree = "<group>";
		};
		8AC97BE42DDA94560001EAF4 /* TheSystem */ = {
			isa = PBXGroup;
			children = (
				8A59A8DF2E05E91300A90F0A /* Machia+CoreDataClass.swift */,
				8A59A8E02E05E91300A90F0A /* Machia+CoreDataProperties.swift */,
				8A59A8DB2E035EB000A90F0A /* LadyIndica+CoreDataClass.swift */,
				8A59A8DC2E035EB000A90F0A /* LadyIndica+CoreDataProperties.swift */,
				8AC97C462DE5FA810001EAF4 /* GlobalStats+CoreDataClass.swift */,
				8AC97C472DE5FA810001EAF4 /* GlobalStats+CoreDataProperties.swift */,
				8AC97C402DDE8D450001EAF4 /* ObjectiveEntity+CoreDataClass.swift */,
				8AC97C412DDE8D450001EAF4 /* ObjectiveEntity+CoreDataProperties.swift */,
				8AC97C262DDE7B000001EAF4 /* AuraStreak+CoreDataClass.swift */,
				8AC97C272DDE7B000001EAF4 /* AuraStreak+CoreDataProperties.swift */,
				8AC97C282DDE7B000001EAF4 /* XPStat+CoreDataClass.swift */,
				8AC97C292DDE7B000001EAF4 /* XPStat+CoreDataProperties.swift */,
				8AC97C2A2DDE7B000001EAF4 /* Velkrax+CoreDataClass.swift */,
				8AC97C2B2DDE7B000001EAF4 /* Velkrax+CoreDataProperties.swift */,
				8AC97BE52DDA94560001EAF4 /* TheSystemApp.swift */,
				8AC97C442DDE8F030001EAF4 /* PersistenceController.swift */,
				8AC97BE72DDA94560001EAF4 /* ContentView.swift */,
				8AC97C1F2DDE12D40001EAF4 /* RewardsView.swift */,
				8AC97C212DDE780D0001EAF4 /* TheSystemModel.xcdatamodeld */,
				8AC97C1D2DDACBBB0001EAF4 /* CategoryDetailView.swift */,
				8AC97C132DDA9C6D0001EAF4 /* MainTabView.swift */,
				8A59A8D92E0358D400A90F0A /* BossesView.swift */,
				8AC97C152DDA9C850001EAF4 /* DailyObjective.swift */,
				8AC97C172DDA9C980001EAF4 /* QuestLogView.swift */,
				8AC97C192DDA9CAE0001EAF4 /* RewardManager.swift */,
				8AC97C0F2DDA96480001EAF4 /* XPManager.swift */,
				8AC97C112DDA96720001EAF4 /* Category.swift */,
				8AC97BE92DDA94590001EAF4 /* Assets.xcassets */,
				8AC97BEB2DDA94590001EAF4 /* Preview Content */,
			);
			path = TheSystem;
			sourceTree = "<group>";
		};
		8AC97BEB2DDA94590001EAF4 /* Preview Content */ = {
			isa = PBXGroup;
			children = (
				8AC97BEC2DDA94590001EAF4 /* Preview Assets.xcassets */,
			);
			path = "Preview Content";
			sourceTree = "<group>";
		};
		8AC97BF52DDA94590001EAF4 /* TheSystemTests */ = {
			isa = PBXGroup;
			children = (
				8AC97BF62DDA94590001EAF4 /* TheSystemTests.swift */,
			);
			path = TheSystemTests;
			sourceTree = "<group>";
		};
		8AC97BFF2DDA94590001EAF4 /* TheSystemUITests */ = {
			isa = PBXGroup;
			children = (
				8AC97C002DDA94590001EAF4 /* TheSystemUITests.swift */,
				8AC97C022DDA94590001EAF4 /* TheSystemUITestsLaunchTests.swift */,
			);
			path = TheSystemUITests;
			sourceTree = "<group>";
		};
/* End PBXGroup section */

/* Begin PBXNativeTarget section */
		8AC97BE12DDA94560001EAF4 /* TheSystem */ = {
			isa = PBXNativeTarget;
			buildConfigurationList = 8AC97C062DDA94590001EAF4 /* Build configuration list for PBXNativeTarget "TheSystem" */;
			buildPhases = (
				8AC97BDE2DDA94560001EAF4 /* Sources */,
				8AC97BDF2DDA94560001EAF4 /* Frameworks */,
				8AC97BE02DDA94560001EAF4 /* Resources */,
			);
			buildRules = (
			);
			dependencies = (
			);
			name = TheSystem;
			productName = TheSystem;
			productReference = 8AC97BE22DDA94560001EAF4 /* TheSystem.app */;
			productType = "com.apple.product-type.application";
		};
		8AC97BF12DDA94590001EAF4 /* TheSystemTests */ = {
			isa = PBXNativeTarget;
			buildConfigurationList = 8AC97C092DDA94590001EAF4 /* Build configuration list for PBXNativeTarget "TheSystemTests" */;
			buildPhases = (
				8AC97BEE2DDA94590001EAF4 /* Sources */,
				8AC97BEF2DDA94590001EAF4 /* Frameworks */,
				8AC97BF02DDA94590001EAF4 /* Resources */,
			);
			buildRules = (
			);
			dependencies = (
				8AC97BF42DDA94590001EAF4 /* PBXTargetDependency */,
			);
			name = TheSystemTests;
			productName = TheSystemTests;
			productReference = 8AC97BF22DDA94590001EAF4 /* TheSystemTests.xctest */;
			productType = "com.apple.product-type.bundle.unit-test";
		};
		8AC97BFB2DDA94590001EAF4 /* TheSystemUITests */ = {
			isa = PBXNativeTarget;
			buildConfigurationList = 8AC97C0C2DDA94590001EAF4 /* Build configuration list for PBXNativeTarget "TheSystemUITests" */;
			buildPhases = (
				8AC97BF82DDA94590001EAF4 /* Sources */,
				8AC97BF92DDA94590001EAF4 /* Frameworks */,
				8AC97BFA2DDA94590001EAF4 /* Resources */,
			);
			buildRules = (
			);
			dependencies = (
				8AC97BFE2DDA94590001EAF4 /* PBXTargetDependency */,
			);
			name = TheSystemUITests;
			productName = TheSystemUITests;
			productReference = 8AC97BFC2DDA94590001EAF4 /* TheSystemUITests.xctest */;
			productType = "com.apple.product-type.bundle.ui-testing";
		};
/* End PBXNativeTarget section */

/* Begin PBXProject section */
		8AC97BDA2DDA94560001EAF4 /* Project object */ = {
			isa = PBXProject;
			attributes = {
				BuildIndependentTargetsInParallel = 1;
				LastSwiftUpdateCheck = 1540;
				LastUpgradeCheck = 1540;
				TargetAttributes = {
					8AC97BE12DDA94560001EAF4 = {
						CreatedOnToolsVersion = 15.4;
					};
					8AC97BF12DDA94590001EAF4 = {
						CreatedOnToolsVersion = 15.4;
						TestTargetID = 8AC97BE12DDA94560001EAF4;
					};
					8AC97BFB2DDA94590001EAF4 = {
						CreatedOnToolsVersion = 15.4;
						TestTargetID = 8AC97BE12DDA94560001EAF4;
					};
				};
			};
			buildConfigurationList = 8AC97BDD2DDA94560001EAF4 /* Build configuration list for PBXProject "TheSystem" */;
			compatibilityVersion = "Xcode 14.0";
			developmentRegion = en;
			hasScannedForEncodings = 0;
			knownRegions = (
				en,
				Base,
			);
			mainGroup = 8AC97BD92DDA94560001EAF4;
			productRefGroup = 8AC97BE32DDA94560001EAF4 /* Products */;
			projectDirPath = "";
			projectRoot = "";
			targets = (
				8AC97BE12DDA94560001EAF4 /* TheSystem */,
				8AC97BF12DDA94590001EAF4 /* TheSystemTests */,
				8AC97BFB2DDA94590001EAF4 /* TheSystemUITests */,
			);
		};
/* End PBXProject section */

/* Begin PBXResourcesBuildPhase section */
		8AC97BE02DDA94560001EAF4 /* Resources */ = {
			isa = PBXResourcesBuildPhase;
			buildActionMask = 2147483647;
			files = (
				8AC97BED2DDA94590001EAF4 /* Preview Assets.xcassets in Resources */,
				8AC97BEA2DDA94590001EAF4 /* Assets.xcassets in Resources */,
			);
			runOnlyForDeploymentPostprocessing = 0;
		};
		8AC97BF02DDA94590001EAF4 /* Resources */ = {
			isa = PBXResourcesBuildPhase;
			buildActionMask = 2147483647;
			files = (
			);
			runOnlyForDeploymentPostprocessing = 0;
		};
		8AC97BFA2DDA94590001EAF4 /* Resources */ = {
			isa = PBXResourcesBuildPhase;
			buildActionMask = 2147483647;
			files = (
			);
			runOnlyForDeploymentPostprocessing = 0;
		};
/* End PBXResourcesBuildPhase section */

/* Begin PBXSourcesBuildPhase section */
		8AC97BDE2DDA94560001EAF4 /* Sources */ = {
			isa = PBXSourcesBuildPhase;
			buildActionMask = 2147483647;
			files = (
				8AC97C102DDA96480001EAF4 /* XPManager.swift in Sources */,
				8A59A8DA2E0358D400A90F0A /* BossesView.swift in Sources */,
				8A59A8DD2E035EB000A90F0A /* LadyIndica+CoreDataClass.swift in Sources */,
				8A59A8DE2E035EB000A90F0A /* LadyIndica+CoreDataProperties.swift in Sources */,
				8AC97BE82DDA94560001EAF4 /* ContentView.swift in Sources */,
				8AC97C182DDA9C980001EAF4 /* QuestLogView.swift in Sources */,
				8AC97C202DDE12D40001EAF4 /* RewardsView.swift in Sources */,
				8AC97C482DE5FA810001EAF4 /* GlobalStats+CoreDataClass.swift in Sources */,
				8AC97C492DE5FA810001EAF4 /* GlobalStats+CoreDataProperties.swift in Sources */,
				8AC97C232DDE780D0001EAF4 /* TheSystemModel.xcdatamodeld in Sources */,
				8AC97C2E2DDE7B000001EAF4 /* AuraStreak+CoreDataClass.swift in Sources */,
				8AC97C2F2DDE7B000001EAF4 /* AuraStreak+CoreDataProperties.swift in Sources */,
				8AC97C302DDE7B000001EAF4 /* XPStat+CoreDataClass.swift in Sources */,
				8AC97C312DDE7B000001EAF4 /* XPStat+CoreDataProperties.swift in Sources */,
				8A59A8E12E05E91300A90F0A /* Machia+CoreDataClass.swift in Sources */,
				8A59A8E22E05E91300A90F0A /* Machia+CoreDataProperties.swift in Sources */,
				8AC97C322DDE7B000001EAF4 /* Velkrax+CoreDataClass.swift in Sources */,
				8AC97C332DDE7B000001EAF4 /* Velkrax+CoreDataProperties.swift in Sources */,
				8AC97BE62DDA94560001EAF4 /* TheSystemApp.swift in Sources */,
				8AC97C422DDE8D450001EAF4 /* ObjectiveEntity+CoreDataClass.swift in Sources */,
				8AC97C432DDE8D450001EAF4 /* ObjectiveEntity+CoreDataProperties.swift in Sources */,
				8AC97C122DDA96720001EAF4 /* Category.swift in Sources */,
				8AC97C1E2DDACBBB0001EAF4 /* CategoryDetailView.swift in Sources */,
				8AC97C1A2DDA9CAE0001EAF4 /* RewardManager.swift in Sources */,
				8AC97C142DDA9C6D0001EAF4 /* MainTabView.swift in Sources */,
				8AC97C162DDA9C850001EAF4 /* DailyObjective.swift in Sources */,
				8AC97C452DDE8F030001EAF4 /* PersistenceController.swift in Sources */,
			);
			runOnlyForDeploymentPostprocessing = 0;
		};
		8AC97BEE2DDA94590001EAF4 /* Sources */ = {
			isa = PBXSourcesBuildPhase;
			buildActionMask = 2147483647;
			files = (
				8AC97BF72DDA94590001EAF4 /* TheSystemTests.swift in Sources */,
			);
			runOnlyForDeploymentPostprocessing = 0;
		};
		8AC97BF82DDA94590001EAF4 /* Sources */ = {
			isa = PBXSourcesBuildPhase;
			buildActionMask = 2147483647;
			files = (
				8AC97C012DDA94590001EAF4 /* TheSystemUITests.swift in Sources */,
				8AC97C032DDA94590001EAF4 /* TheSystemUITestsLaunchTests.swift in Sources */,
			);
			runOnlyForDeploymentPostprocessing = 0;
		};
/* End PBXSourcesBuildPhase section */

/* Begin PBXTargetDependency section */
		8AC97BF42DDA94590001EAF4 /* PBXTargetDependency */ = {
			isa = PBXTargetDependency;
			target = 8AC97BE12DDA94560001EAF4 /* TheSystem */;
			targetProxy = 8AC97BF32DDA94590001EAF4 /* PBXContainerItemProxy */;
		};
		8AC97BFE2DDA94590001EAF4 /* PBXTargetDependency */ = {
			isa = PBXTargetDependency;
			target = 8AC97BE12DDA94560001EAF4 /* TheSystem */;
			targetProxy = 8AC97BFD2DDA94590001EAF4 /* PBXContainerItemProxy */;
		};
/* End PBXTargetDependency section */

/* Begin XCBuildConfiguration section */
		8AC97C042DDA94590001EAF4 /* Debug */ = {
			isa = XCBuildConfiguration;
			buildSettings = {
				ALWAYS_SEARCH_USER_PATHS = NO;
				ASSETCATALOG_COMPILER_GENERATE_SWIFT_ASSET_SYMBOL_EXTENSIONS = YES;
				CLANG_ANALYZER_NONNULL = YES;
				CLANG_ANALYZER_NUMBER_OBJECT_CONVERSION = YES_AGGRESSIVE;
				CLANG_CXX_LANGUAGE_STANDARD = "gnu++20";
				CLANG_ENABLE_MODULES = YES;
				CLANG_ENABLE_OBJC_ARC = YES;
				CLANG_ENABLE_OBJC_WEAK = YES;
				CLANG_WARN_BLOCK_CAPTURE_AUTORELEASING = YES;
				CLANG_WARN_BOOL_CONVERSION = YES;
				CLANG_WARN_COMMA = YES;
				CLANG_WARN_CONSTANT_CONVERSION = YES;
				CLANG_WARN_DEPRECATED_OBJC_IMPLEMENTATIONS = YES;
				CLANG_WARN_DIRECT_OBJC_ISA_USAGE = YES_ERROR;
				CLANG_WARN_DOCUMENTATION_COMMENTS = YES;
				CLANG_WARN_EMPTY_BODY = YES;
				CLANG_WARN_ENUM_CONVERSION = YES;
				CLANG_WARN_INFINITE_RECURSION = YES;
				CLANG_WARN_INT_CONVERSION = YES;
				CLANG_WARN_NON_LITERAL_NULL_CONVERSION = YES;
				CLANG_WARN_OBJC_IMPLICIT_RETAIN_SELF = YES;
				CLANG_WARN_OBJC_LITERAL_CONVERSION = YES;
				CLANG_WARN_OBJC_ROOT_CLASS = YES_ERROR;
				CLANG_WARN_QUOTED_INCLUDE_IN_FRAMEWORK_HEADER = YES;
				CLANG_WARN_RANGE_LOOP_ANALYSIS = YES;
				CLANG_WARN_STRICT_PROTOTYPES = YES;
				CLANG_WARN_SUSPICIOUS_MOVE = YES;
				CLANG_WARN_UNGUARDED_AVAILABILITY = YES_AGGRESSIVE;
				CLANG_WARN_UNREACHABLE_CODE = YES;
				CLANG_WARN__DUPLICATE_METHOD_MATCH = YES;
				COPY_PHASE_STRIP = NO;
				DEBUG_INFORMATION_FORMAT = dwarf;
				ENABLE_STRICT_OBJC_MSGSEND = YES;
				ENABLE_TESTABILITY = YES;
				ENABLE_USER_SCRIPT_SANDBOXING = YES;
				GCC_C_LANGUAGE_STANDARD = gnu17;
				GCC_DYNAMIC_NO_PIC = NO;
				GCC_NO_COMMON_BLOCKS = YES;
				GCC_OPTIMIZATION_LEVEL = 0;
				GCC_PREPROCESSOR_DEFINITIONS = (
					"DEBUG=1",
					"$(inherited)",
				);
				GCC_WARN_64_TO_32_BIT_CONVERSION = YES;
				GCC_WARN_ABOUT_RETURN_TYPE = YES_ERROR;
				GCC_WARN_UNDECLARED_SELECTOR = YES;
				GCC_WARN_UNINITIALIZED_AUTOS = YES_AGGRESSIVE;
				GCC_WARN_UNUSED_FUNCTION = YES;
				GCC_WARN_UNUSED_VARIABLE = YES;
				IPHONEOS_DEPLOYMENT_TARGET = 17.5;
				LOCALIZATION_PREFERS_STRING_CATALOGS = YES;
				MTL_ENABLE_DEBUG_INFO = INCLUDE_SOURCE;
				MTL_FAST_MATH = YES;
				ONLY_ACTIVE_ARCH = YES;
				SDKROOT = iphoneos;
				SWIFT_ACTIVE_COMPILATION_CONDITIONS = "DEBUG $(inherited)";
				SWIFT_OPTIMIZATION_LEVEL = "-Onone";
			};
			name = Debug;
		};
		8AC97C052DDA94590001EAF4 /* Release */ = {
			isa = XCBuildConfiguration;
			buildSettings = {
				ALWAYS_SEARCH_USER_PATHS = NO;
				ASSETCATALOG_COMPILER_GENERATE_SWIFT_ASSET_SYMBOL_EXTENSIONS = YES;
				CLANG_ANALYZER_NONNULL = YES;
				CLANG_ANALYZER_NUMBER_OBJECT_CONVERSION = YES_AGGRESSIVE;
				CLANG_CXX_LANGUAGE_STANDARD = "gnu++20";
				CLANG_ENABLE_MODULES = YES;
				CLANG_ENABLE_OBJC_ARC = YES;
				CLANG_ENABLE_OBJC_WEAK = YES;
				CLANG_WARN_BLOCK_CAPTURE_AUTORELEASING = YES;
				CLANG_WARN_BOOL_CONVERSION = YES;
				CLANG_WARN_COMMA = YES;
				CLANG_WARN_CONSTANT_CONVERSION = YES;
				CLANG_WARN_DEPRECATED_OBJC_IMPLEMENTATIONS = YES;
				CLANG_WARN_DIRECT_OBJC_ISA_USAGE = YES_ERROR;
				CLANG_WARN_DOCUMENTATION_COMMENTS = YES;
				CLANG_WARN_EMPTY_BODY = YES;
				CLANG_WARN_ENUM_CONVERSION = YES;
				CLANG_WARN_INFINITE_RECURSION = YES;
				CLANG_WARN_INT_CONVERSION = YES;
				CLANG_WARN_NON_LITERAL_NULL_CONVERSION = YES;
				CLANG_WARN_OBJC_IMPLICIT_RETAIN_SELF = YES;
				CLANG_WARN_OBJC_LITERAL_CONVERSION = YES;
				CLANG_WARN_OBJC_ROOT_CLASS = YES_ERROR;
				CLANG_WARN_QUOTED_INCLUDE_IN_FRAMEWORK_HEADER = YES;
				CLANG_WARN_RANGE_LOOP_ANALYSIS = YES;
				CLANG_WARN_STRICT_PROTOTYPES = YES;
				CLANG_WARN_SUSPICIOUS_MOVE = YES;
				CLANG_WARN_UNGUARDED_AVAILABILITY = YES_AGGRESSIVE;
				CLANG_WARN_UNREACHABLE_CODE = YES;
				CLANG_WARN__DUPLICATE_METHOD_MATCH = YES;
				COPY_PHASE_STRIP = NO;
				DEBUG_INFORMATION_FORMAT = "dwarf-with-dsym";
				ENABLE_NS_ASSERTIONS = NO;
				ENABLE_STRICT_OBJC_MSGSEND = YES;
				ENABLE_USER_SCRIPT_SANDBOXING = YES;
				GCC_C_LANGUAGE_STANDARD = gnu17;
				GCC_NO_COMMON_BLOCKS = YES;
				GCC_WARN_64_TO_32_BIT_CONVERSION = YES;
				GCC_WARN_ABOUT_RETURN_TYPE = YES_ERROR;
				GCC_WARN_UNDECLARED_SELECTOR = YES;
				GCC_WARN_UNINITIALIZED_AUTOS = YES_AGGRESSIVE;
				GCC_WARN_UNUSED_FUNCTION = YES;
				GCC_WARN_UNUSED_VARIABLE = YES;
				IPHONEOS_DEPLOYMENT_TARGET = 17.5;
				LOCALIZATION_PREFERS_STRING_CATALOGS = YES;
				MTL_ENABLE_DEBUG_INFO = NO;
				MTL_FAST_MATH = YES;
				SDKROOT = iphoneos;
				SWIFT_COMPILATION_MODE = wholemodule;
				VALIDATE_PRODUCT = YES;
			};
			name = Release;
		};
		8AC97C072DDA94590001EAF4 /* Debug */ = {
			isa = XCBuildConfiguration;
			buildSettings = {
				ASSETCATALOG_COMPILER_APPICON_NAME = AppIcon;
				ASSETCATALOG_COMPILER_GLOBAL_ACCENT_COLOR_NAME = AccentColor;
				CODE_SIGN_STYLE = Automatic;
				CURRENT_PROJECT_VERSION = 1;
				DEVELOPMENT_ASSET_PATHS = "\"TheSystem/Preview Content\"";
				DEVELOPMENT_TEAM = 7D9X6HZPS3;
				ENABLE_PREVIEWS = YES;
				GENERATE_INFOPLIST_FILE = YES;
				INFOPLIST_KEY_UIApplicationSceneManifest_Generation = YES;
				INFOPLIST_KEY_UIApplicationSupportsIndirectInputEvents = YES;
				INFOPLIST_KEY_UILaunchScreen_Generation = YES;
				INFOPLIST_KEY_UISupportedInterfaceOrientations_iPad = "UIInterfaceOrientationPortrait UIInterfaceOrientationPortraitUpsideDown UIInterfaceOrientationLandscapeLeft UIInterfaceOrientationLandscapeRight";
				INFOPLIST_KEY_UISupportedInterfaceOrientations_iPhone = "UIInterfaceOrientationPortrait UIInterfaceOrientationLandscapeLeft UIInterfaceOrientationLandscapeRight";
				LD_RUNPATH_SEARCH_PATHS = (
					"$(inherited)",
					"@executable_path/Frameworks",
				);
				MARKETING_VERSION = 1.0;
				PRODUCT_BUNDLE_IDENTIFIER = com.oswd.TheSystem;
				PRODUCT_NAME = "$(TARGET_NAME)";
				SWIFT_EMIT_LOC_STRINGS = YES;
				SWIFT_VERSION = 5.0;
				TARGETED_DEVICE_FAMILY = "1,2";
			};
			name = Debug;
		};
		8AC97C082DDA94590001EAF4 /* Release */ = {
			isa = XCBuildConfiguration;
			buildSettings = {
				ASSETCATALOG_COMPILER_APPICON_NAME = AppIcon;
				ASSETCATALOG_COMPILER_GLOBAL_ACCENT_COLOR_NAME = AccentColor;
				CODE_SIGN_STYLE = Automatic;
				CURRENT_PROJECT_VERSION = 1;
				DEVELOPMENT_ASSET_PATHS = "\"TheSystem/Preview Content\"";
				DEVELOPMENT_TEAM = 7D9X6HZPS3;
				ENABLE_PREVIEWS = YES;
				GENERATE_INFOPLIST_FILE = YES;
				INFOPLIST_KEY_UIApplicationSceneManifest_Generation = YES;
				INFOPLIST_KEY_UIApplicationSupportsIndirectInputEvents = YES;
				INFOPLIST_KEY_UILaunchScreen_Generation = YES;
				INFOPLIST_KEY_UISupportedInterfaceOrientations_iPad = "UIInterfaceOrientationPortrait UIInterfaceOrientationPortraitUpsideDown UIInterfaceOrientationLandscapeLeft UIInterfaceOrientationLandscapeRight";
				INFOPLIST_KEY_UISupportedInterfaceOrientations_iPhone = "UIInterfaceOrientationPortrait UIInterfaceOrientationLandscapeLeft UIInterfaceOrientationLandscapeRight";
				LD_RUNPATH_SEARCH_PATHS = (
					"$(inherited)",
					"@executable_path/Frameworks",
				);
				MARKETING_VERSION = 1.0;
				PRODUCT_BUNDLE_IDENTIFIER = com.oswd.TheSystem;
				PRODUCT_NAME = "$(TARGET_NAME)";
				SWIFT_EMIT_LOC_STRINGS = YES;
				SWIFT_VERSION = 5.0;
				TARGETED_DEVICE_FAMILY = "1,2";
			};
			name = Release;
		};
		8AC97C0A2DDA94590001EAF4 /* Debug */ = {
			isa = XCBuildConfiguration;
			buildSettings = {
				ALWAYS_EMBED_SWIFT_STANDARD_LIBRARIES = YES;
				BUNDLE_LOADER = "$(TEST_HOST)";
				CODE_SIGN_STYLE = Automatic;
				CURRENT_PROJECT_VERSION = 1;
				DEVELOPMENT_TEAM = 7D9X6HZPS3;
				GENERATE_INFOPLIST_FILE = YES;
				IPHONEOS_DEPLOYMENT_TARGET = 17.5;
				MARKETING_VERSION = 1.0;
				PRODUCT_BUNDLE_IDENTIFIER = com.oswd.TheSystemTests;
				PRODUCT_NAME = "$(TARGET_NAME)";
				SWIFT_EMIT_LOC_STRINGS = NO;
				SWIFT_VERSION = 5.0;
				TARGETED_DEVICE_FAMILY = "1,2";
				TEST_HOST = "$(BUILT_PRODUCTS_DIR)/TheSystem.app/$(BUNDLE_EXECUTABLE_FOLDER_PATH)/TheSystem";
			};
			name = Debug;
		};
		8AC97C0B2DDA94590001EAF4 /* Release */ = {
			isa = XCBuildConfiguration;
			buildSettings = {
				ALWAYS_EMBED_SWIFT_STANDARD_LIBRARIES = YES;
				BUNDLE_LOADER = "$(TEST_HOST)";
				CODE_SIGN_STYLE = Automatic;
				CURRENT_PROJECT_VERSION = 1;
				DEVELOPMENT_TEAM = 7D9X6HZPS3;
				GENERATE_INFOPLIST_FILE = YES;
				IPHONEOS_DEPLOYMENT_TARGET = 17.5;
				MARKETING_VERSION = 1.0;
				PRODUCT_BUNDLE_IDENTIFIER = com.oswd.TheSystemTests;
				PRODUCT_NAME = "$(TARGET_NAME)";
				SWIFT_EMIT_LOC_STRINGS = NO;
				SWIFT_VERSION = 5.0;
				TARGETED_DEVICE_FAMILY = "1,2";
				TEST_HOST = "$(BUILT_PRODUCTS_DIR)/TheSystem.app/$(BUNDLE_EXECUTABLE_FOLDER_PATH)/TheSystem";
			};
			name = Release;
		};
		8AC97C0D2DDA94590001EAF4 /* Debug */ = {
			isa = XCBuildConfiguration;
			buildSettings = {
				ALWAYS_EMBED_SWIFT_STANDARD_LIBRARIES = YES;
				CODE_SIGN_STYLE = Automatic;
				CURRENT_PROJECT_VERSION = 1;
				DEVELOPMENT_TEAM = 7D9X6HZPS3;
				GENERATE_INFOPLIST_FILE = YES;
				MARKETING_VERSION = 1.0;
				PRODUCT_BUNDLE_IDENTIFIER = com.oswd.TheSystemUITests;
				PRODUCT_NAME = "$(TARGET_NAME)";
				SWIFT_EMIT_LOC_STRINGS = NO;
				SWIFT_VERSION = 5.0;
				TARGETED_DEVICE_FAMILY = "1,2";
				TEST_TARGET_NAME = TheSystem;
			};
			name = Debug;
		};
		8AC97C0E2DDA94590001EAF4 /* Release */ = {
			isa = XCBuildConfiguration;
			buildSettings = {
				ALWAYS_EMBED_SWIFT_STANDARD_LIBRARIES = YES;
				CODE_SIGN_STYLE = Automatic;
				CURRENT_PROJECT_VERSION = 1;
				DEVELOPMENT_TEAM = 7D9X6HZPS3;
				GENERATE_INFOPLIST_FILE = YES;
				MARKETING_VERSION = 1.0;
				PRODUCT_BUNDLE_IDENTIFIER = com.oswd.TheSystemUITests;
				PRODUCT_NAME = "$(TARGET_NAME)";
				SWIFT_EMIT_LOC_STRINGS = NO;
				SWIFT_VERSION = 5.0;
				TARGETED_DEVICE_FAMILY = "1,2";
				TEST_TARGET_NAME = TheSystem;
			};
			name = Release;
		};
/* End XCBuildConfiguration section */

/* Begin XCConfigurationList section */
		8AC97BDD2DDA94560001EAF4 /* Build configuration list for PBXProject "TheSystem" */ = {
			isa = XCConfigurationList;
			buildConfigurations = (
				8AC97C042DDA94590001EAF4 /* Debug */,
				8AC97C052DDA94590001EAF4 /* Release */,
			);
			defaultConfigurationIsVisible = 0;
			defaultConfigurationName = Release;
		};
		8AC97C062DDA94590001EAF4 /* Build configuration list for PBXNativeTarget "TheSystem" */ = {
			isa = XCConfigurationList;
			buildConfigurations = (
				8AC97C072DDA94590001EAF4 /* Debug */,
				8AC97C082DDA94590001EAF4 /* Release */,
			);
			defaultConfigurationIsVisible = 0;
			defaultConfigurationName = Release;
		};
		8AC97C092DDA94590001EAF4 /* Build configuration list for PBXNativeTarget "TheSystemTests" */ = {
			isa = XCConfigurationList;
			buildConfigurations = (
				8AC97C0A2DDA94590001EAF4 /* Debug */,
				8AC97C0B2DDA94590001EAF4 /* Release */,
			);
			defaultConfigurationIsVisible = 0;
			defaultConfigurationName = Release;
		};
		8AC97C0C2DDA94590001EAF4 /* Build configuration list for PBXNativeTarget "TheSystemUITests" */ = {
			isa = XCConfigurationList;
			buildConfigurations = (
				8AC97C0D2DDA94590001EAF4 /* Debug */,
				8AC97C0E2DDA94590001EAF4 /* Release */,
			);
			defaultConfigurationIsVisible = 0;
			defaultConfigurationName = Release;
		};
/* End XCConfigurationList section */

/* Begin XCVersionGroup section */
		8AC97C212DDE780D0001EAF4 /* TheSystemModel.xcdatamodeld */ = {
			isa = XCVersionGroup;
			children = (
				8AC97C222DDE780D0001EAF4 /* TheSystemModel.xcdatamodel */,
			);
			currentVersion = 8AC97C222DDE780D0001EAF4 /* TheSystemModel.xcdatamodel */;
			name = TheSystemModel.xcdatamodeld;
			path = /Users/kameronsomeson/Documents/apps/TheSystem/TheSystem/TheSystemModel.xcdatamodeld;
			sourceTree = "<group>";
			versionGroupType = wrapper.xcdatamodel;
		};
/* End XCVersionGroup section */
	};
	rootObject = 8AC97BDA2DDA94560001EAF4 /* Project object */;
}
